// !$*UTF8*$!
{
	archiveVersion = 1;
	classes = {
	};
	objectVersion = 56;
	objects = {

/* Begin PBXBuildFile section */
		B546499D2ABC451B004AC8CC /* BalanceModel.swift in Sources */ = {isa = PBXBuildFile; fileRef = B546499C2ABC451B004AC8CC /* BalanceModel.swift */; };
		B546499F2ABC4729004AC8CC /* UserScreen.swift in Sources */ = {isa = PBXBuildFile; fileRef = B546499E2ABC4729004AC8CC /* UserScreen.swift */; };
		B59FA36F2ABA01D0001C8500 /* StateView.swift in Sources */ = {isa = PBXBuildFile; fileRef = B59FA36E2ABA01D0001C8500 /* StateView.swift */; };
		B59FA3BA2ABA0CB8001C8500 /* SignalUI in Frameworks */ = {isa = PBXBuildFile; productRef = B59FA3B92ABA0CB8001C8500 /* SignalUI */; };
		B5AD44FB2ABA4CEB003A3946 /* LoginScreen.swift in Sources */ = {isa = PBXBuildFile; fileRef = B5AD44FA2ABA4CEB003A3946 /* LoginScreen.swift */; };
		B5AD453C2ABB9070003A3946 /* StateText.swift in Sources */ = {isa = PBXBuildFile; fileRef = B5AD453B2ABB9070003A3946 /* StateText.swift */; };
		B5AD45412ABB9F84003A3946 /* HomeScreen.swift in Sources */ = {isa = PBXBuildFile; fileRef = B5AD45402ABB9F84003A3946 /* HomeScreen.swift */; };
		B5AD45482ABBB732003A3946 /* SessionState.swift in Sources */ = {isa = PBXBuildFile; fileRef = B5AD45472ABBB732003A3946 /* SessionState.swift */; };
		B5AD454A2ABC3240003A3946 /* AgeView.swift in Sources */ = {isa = PBXBuildFile; fileRef = B5AD45492ABC3240003A3946 /* AgeView.swift */; };
		B5AD8C732AB9E9FF00ED024F /* SignalsUIApp.swift in Sources */ = {isa = PBXBuildFile; fileRef = B5AD8C722AB9E9FF00ED024F /* SignalsUIApp.swift */; };
		B5AD8C752AB9E9FF00ED024F /* SignalsStateView.swift in Sources */ = {isa = PBXBuildFile; fileRef = B5AD8C742AB9E9FF00ED024F /* SignalsStateView.swift */; };
		B5AD8C772AB9E9FF00ED024F /* Assets.xcassets in Resources */ = {isa = PBXBuildFile; fileRef = B5AD8C762AB9E9FF00ED024F /* Assets.xcassets */; };
		B5AD8C7A2AB9E9FF00ED024F /* Preview Assets.xcassets in Resources */ = {isa = PBXBuildFile; fileRef = B5AD8C792AB9E9FF00ED024F /* Preview Assets.xcassets */; };
		B5AD8C842AB9E9FF00ED024F /* SignalsUITests.swift in Sources */ = {isa = PBXBuildFile; fileRef = B5AD8C832AB9E9FF00ED024F /* SignalsUITests.swift */; };
		B5AD8C8E2AB9E9FF00ED024F /* SignalsUIUITests.swift in Sources */ = {isa = PBXBuildFile; fileRef = B5AD8C8D2AB9E9FF00ED024F /* SignalsUIUITests.swift */; };
		B5AD8C902AB9E9FF00ED024F /* SignalsUIUITestsLaunchTests.swift in Sources */ = {isa = PBXBuildFile; fileRef = B5AD8C8F2AB9E9FF00ED024F /* SignalsUIUITestsLaunchTests.swift */; };
		B5AD8C9E2AB9EAF600ED024F /* Signals in Frameworks */ = {isa = PBXBuildFile; productRef = B5AD8C9D2AB9EAF600ED024F /* Signals */; };
		B5DA3DB32ABF886300FE9469 /* VoucherModel.swift in Sources */ = {isa = PBXBuildFile; fileRef = B5DA3DB22ABF886300FE9469 /* VoucherModel.swift */; };
/* End PBXBuildFile section */

/* Begin PBXContainerItemProxy section */
		B5AD8C802AB9E9FF00ED024F /* PBXContainerItemProxy */ = {
			isa = PBXContainerItemProxy;
			containerPortal = B5AD8C672AB9E9FE00ED024F /* Project object */;
			proxyType = 1;
			remoteGlobalIDString = B5AD8C6E2AB9E9FE00ED024F;
			remoteInfo = SignalsUI;
		};
		B5AD8C8A2AB9E9FF00ED024F /* PBXContainerItemProxy */ = {
			isa = PBXContainerItemProxy;
			containerPortal = B5AD8C672AB9E9FE00ED024F /* Project object */;
			proxyType = 1;
			remoteGlobalIDString = B5AD8C6E2AB9E9FE00ED024F;
			remoteInfo = SignalsUI;
		};
/* End PBXContainerItemProxy section */

/* Begin PBXFileReference section */
		B546499C2ABC451B004AC8CC /* BalanceModel.swift */ = {isa = PBXFileReference; lastKnownFileType = sourcecode.swift; path = BalanceModel.swift; sourceTree = "<group>"; };
		B546499E2ABC4729004AC8CC /* UserScreen.swift */ = {isa = PBXFileReference; lastKnownFileType = sourcecode.swift; path = UserScreen.swift; sourceTree = "<group>"; };
		B59FA36E2ABA01D0001C8500 /* StateView.swift */ = {isa = PBXFileReference; lastKnownFileType = sourcecode.swift; path = StateView.swift; sourceTree = "<group>"; };
		B5AD44FA2ABA4CEB003A3946 /* LoginScreen.swift */ = {isa = PBXFileReference; lastKnownFileType = sourcecode.swift; path = LoginScreen.swift; sourceTree = "<group>"; };
		B5AD453B2ABB9070003A3946 /* StateText.swift */ = {isa = PBXFileReference; fileEncoding = 4; lastKnownFileType = sourcecode.swift; path = StateText.swift; sourceTree = "<group>"; };
		B5AD45402ABB9F84003A3946 /* HomeScreen.swift */ = {isa = PBXFileReference; lastKnownFileType = sourcecode.swift; path = HomeScreen.swift; sourceTree = "<group>"; };
		B5AD45472ABBB732003A3946 /* SessionState.swift */ = {isa = PBXFileReference; fileEncoding = 4; lastKnownFileType = sourcecode.swift; path = SessionState.swift; sourceTree = "<group>"; };
		B5AD45492ABC3240003A3946 /* AgeView.swift */ = {isa = PBXFileReference; lastKnownFileType = sourcecode.swift; path = AgeView.swift; sourceTree = "<group>"; };
		B5AD8C6F2AB9E9FF00ED024F /* SignalsUI.app */ = {isa = PBXFileReference; explicitFileType = wrapper.application; includeInIndex = 0; path = SignalsUI.app; sourceTree = BUILT_PRODUCTS_DIR; };
		B5AD8C722AB9E9FF00ED024F /* SignalsUIApp.swift */ = {isa = PBXFileReference; lastKnownFileType = sourcecode.swift; path = SignalsUIApp.swift; sourceTree = "<group>"; };
		B5AD8C742AB9E9FF00ED024F /* SignalsStateView.swift */ = {isa = PBXFileReference; lastKnownFileType = sourcecode.swift; path = SignalsStateView.swift; sourceTree = "<group>"; };
		B5AD8C762AB9E9FF00ED024F /* Assets.xcassets */ = {isa = PBXFileReference; lastKnownFileType = folder.assetcatalog; path = Assets.xcassets; sourceTree = "<group>"; };
		B5AD8C792AB9E9FF00ED024F /* Preview Assets.xcassets */ = {isa = PBXFileReference; lastKnownFileType = folder.assetcatalog; path = "Preview Assets.xcassets"; sourceTree = "<group>"; };
		B5AD8C7F2AB9E9FF00ED024F /* SignalsUITests.xctest */ = {isa = PBXFileReference; explicitFileType = wrapper.cfbundle; includeInIndex = 0; path = SignalsUITests.xctest; sourceTree = BUILT_PRODUCTS_DIR; };
		B5AD8C832AB9E9FF00ED024F /* SignalsUITests.swift */ = {isa = PBXFileReference; lastKnownFileType = sourcecode.swift; path = SignalsUITests.swift; sourceTree = "<group>"; };
		B5AD8C892AB9E9FF00ED024F /* SignalsUIUITests.xctest */ = {isa = PBXFileReference; explicitFileType = wrapper.cfbundle; includeInIndex = 0; path = SignalsUIUITests.xctest; sourceTree = BUILT_PRODUCTS_DIR; };
		B5AD8C8D2AB9E9FF00ED024F /* SignalsUIUITests.swift */ = {isa = PBXFileReference; lastKnownFileType = sourcecode.swift; path = SignalsUIUITests.swift; sourceTree = "<group>"; };
		B5AD8C8F2AB9E9FF00ED024F /* SignalsUIUITestsLaunchTests.swift */ = {isa = PBXFileReference; lastKnownFileType = sourcecode.swift; path = SignalsUIUITestsLaunchTests.swift; sourceTree = "<group>"; };
		B5DA3DB22ABF886300FE9469 /* VoucherModel.swift */ = {isa = PBXFileReference; lastKnownFileType = sourcecode.swift; path = VoucherModel.swift; sourceTree = "<group>"; };
/* End PBXFileReference section */

/* Begin PBXFrameworksBuildPhase section */
		B5AD8C6C2AB9E9FE00ED024F /* Frameworks */ = {
			isa = PBXFrameworksBuildPhase;
			buildActionMask = 2147483647;
			files = (
				B59FA3BA2ABA0CB8001C8500 /* SignalUI in Frameworks */,
				B5AD8C9E2AB9EAF600ED024F /* Signals in Frameworks */,
			);
			runOnlyForDeploymentPostprocessing = 0;
		};
		B5AD8C7C2AB9E9FF00ED024F /* Frameworks */ = {
			isa = PBXFrameworksBuildPhase;
			buildActionMask = 2147483647;
			files = (
			);
			runOnlyForDeploymentPostprocessing = 0;
		};
		B5AD8C862AB9E9FF00ED024F /* Frameworks */ = {
			isa = PBXFrameworksBuildPhase;
			buildActionMask = 2147483647;
			files = (
			);
			runOnlyForDeploymentPostprocessing = 0;
		};
/* End PBXFrameworksBuildPhase section */

/* Begin PBXGroup section */
		B5AD44F92ABA4CD9003A3946 /* Screens */ = {
			isa = PBXGroup;
			children = (
				B5AD44FA2ABA4CEB003A3946 /* LoginScreen.swift */,
				B5AD45402ABB9F84003A3946 /* HomeScreen.swift */,
				B5AD45492ABC3240003A3946 /* AgeView.swift */,
				B546499E2ABC4729004AC8CC /* UserScreen.swift */,
			);
			path = Screens;
			sourceTree = "<group>";
		};
		B5AD453A2ABB8FF8003A3946 /* Examples */ = {
			isa = PBXGroup;
			children = (
				B5AD453B2ABB9070003A3946 /* StateText.swift */,
				B59FA36E2ABA01D0001C8500 /* StateView.swift */,
				B5AD8C742AB9E9FF00ED024F /* SignalsStateView.swift */,
			);
			path = Examples;
			sourceTree = "<group>";
		};
		B5AD45462ABBB732003A3946 /* Model */ = {
			isa = PBXGroup;
			children = (
				B5AD45472ABBB732003A3946 /* SessionState.swift */,
				B546499C2ABC451B004AC8CC /* BalanceModel.swift */,
				B5DA3DB22ABF886300FE9469 /* VoucherModel.swift */,
			);
			path = Model;
			sourceTree = "<group>";
		};
		B5AD8C662AB9E9FE00ED024F = {
			isa = PBXGroup;
			children = (
				B5AD8C712AB9E9FF00ED024F /* SignalsUI */,
				B5AD8C822AB9E9FF00ED024F /* SignalsUITests */,
				B5AD8C8C2AB9E9FF00ED024F /* SignalsUIUITests */,
				B5AD8C702AB9E9FF00ED024F /* Products */,
				B5AD8C9C2AB9EAF600ED024F /* Frameworks */,
			);
			sourceTree = "<group>";
		};
		B5AD8C702AB9E9FF00ED024F /* Products */ = {
			isa = PBXGroup;
			children = (
				B5AD8C6F2AB9E9FF00ED024F /* SignalsUI.app */,
				B5AD8C7F2AB9E9FF00ED024F /* SignalsUITests.xctest */,
				B5AD8C892AB9E9FF00ED024F /* SignalsUIUITests.xctest */,
			);
			name = Products;
			sourceTree = "<group>";
		};
		B5AD8C712AB9E9FF00ED024F /* SignalsUI */ = {
			isa = PBXGroup;
			children = (
				B5AD8C722AB9E9FF00ED024F /* SignalsUIApp.swift */,
				B5AD45462ABBB732003A3946 /* Model */,
				B5AD44F92ABA4CD9003A3946 /* Screens */,
				B5AD453A2ABB8FF8003A3946 /* Examples */,
				B5AD8C762AB9E9FF00ED024F /* Assets.xcassets */,
				B5AD8C782AB9E9FF00ED024F /* Preview Content */,
			);
			path = SignalsUI;
			sourceTree = "<group>";
		};
		B5AD8C782AB9E9FF00ED024F /* Preview Content */ = {
			isa = PBXGroup;
			children = (
				B5AD8C792AB9E9FF00ED024F /* Preview Assets.xcassets */,
			);
			path = "Preview Content";
			sourceTree = "<group>";
		};
		B5AD8C822AB9E9FF00ED024F /* SignalsUITests */ = {
			isa = PBXGroup;
			children = (
				B5AD8C832AB9E9FF00ED024F /* SignalsUITests.swift */,
			);
			path = SignalsUITests;
			sourceTree = "<group>";
		};
		B5AD8C8C2AB9E9FF00ED024F /* SignalsUIUITests */ = {
			isa = PBXGroup;
			children = (
				B5AD8C8D2AB9E9FF00ED024F /* SignalsUIUITests.swift */,
				B5AD8C8F2AB9E9FF00ED024F /* SignalsUIUITestsLaunchTests.swift */,
			);
			path = SignalsUIUITests;
			sourceTree = "<group>";
		};
		B5AD8C9C2AB9EAF600ED024F /* Frameworks */ = {
			isa = PBXGroup;
			children = (
			);
			name = Frameworks;
			sourceTree = "<group>";
		};
/* End PBXGroup section */

/* Begin PBXNativeTarget section */
		B5AD8C6E2AB9E9FE00ED024F /* SignalsUI */ = {
			isa = PBXNativeTarget;
			buildConfigurationList = B5AD8C932AB9E9FF00ED024F /* Build configuration list for PBXNativeTarget "SignalsUI" */;
			buildPhases = (
				B5AD8C6B2AB9E9FE00ED024F /* Sources */,
				B5AD8C6C2AB9E9FE00ED024F /* Frameworks */,
				B5AD8C6D2AB9E9FE00ED024F /* Resources */,
			);
			buildRules = (
			);
			dependencies = (
			);
			name = SignalsUI;
			packageProductDependencies = (
				B5AD8C9D2AB9EAF600ED024F /* Signals */,
				B59FA3B92ABA0CB8001C8500 /* SignalUI */,
			);
			productName = SignalsUI;
			productReference = B5AD8C6F2AB9E9FF00ED024F /* SignalsUI.app */;
			productType = "com.apple.product-type.application";
		};
		B5AD8C7E2AB9E9FF00ED024F /* SignalsUITests */ = {
			isa = PBXNativeTarget;
			buildConfigurationList = B5AD8C962AB9E9FF00ED024F /* Build configuration list for PBXNativeTarget "SignalsUITests" */;
			buildPhases = (
				B5AD8C7B2AB9E9FF00ED024F /* Sources */,
				B5AD8C7C2AB9E9FF00ED024F /* Frameworks */,
				B5AD8C7D2AB9E9FF00ED024F /* Resources */,
			);
			buildRules = (
			);
			dependencies = (
				B5AD8C812AB9E9FF00ED024F /* PBXTargetDependency */,
			);
			name = SignalsUITests;
			productName = SignalsUITests;
			productReference = B5AD8C7F2AB9E9FF00ED024F /* SignalsUITests.xctest */;
			productType = "com.apple.product-type.bundle.unit-test";
		};
		B5AD8C882AB9E9FF00ED024F /* SignalsUIUITests */ = {
			isa = PBXNativeTarget;
			buildConfigurationList = B5AD8C992AB9E9FF00ED024F /* Build configuration list for PBXNativeTarget "SignalsUIUITests" */;
			buildPhases = (
				B5AD8C852AB9E9FF00ED024F /* Sources */,
				B5AD8C862AB9E9FF00ED024F /* Frameworks */,
				B5AD8C872AB9E9FF00ED024F /* Resources */,
			);
			buildRules = (
			);
			dependencies = (
				B5AD8C8B2AB9E9FF00ED024F /* PBXTargetDependency */,
			);
			name = SignalsUIUITests;
			productName = SignalsUIUITests;
			productReference = B5AD8C892AB9E9FF00ED024F /* SignalsUIUITests.xctest */;
			productType = "com.apple.product-type.bundle.ui-testing";
		};
/* End PBXNativeTarget section */

/* Begin PBXProject section */
		B5AD8C672AB9E9FE00ED024F /* Project object */ = {
			isa = PBXProject;
			attributes = {
				BuildIndependentTargetsInParallel = 1;
				LastSwiftUpdateCheck = 1430;
				LastUpgradeCheck = 1430;
				TargetAttributes = {
					B5AD8C6E2AB9E9FE00ED024F = {
						CreatedOnToolsVersion = 14.3.1;
					};
					B5AD8C7E2AB9E9FF00ED024F = {
						CreatedOnToolsVersion = 14.3.1;
						TestTargetID = B5AD8C6E2AB9E9FE00ED024F;
					};
					B5AD8C882AB9E9FF00ED024F = {
						CreatedOnToolsVersion = 14.3.1;
						TestTargetID = B5AD8C6E2AB9E9FE00ED024F;
					};
				};
			};
			buildConfigurationList = B5AD8C6A2AB9E9FE00ED024F /* Build configuration list for PBXProject "SignalsUI" */;
			compatibilityVersion = "Xcode 14.0";
			developmentRegion = en;
			hasScannedForEncodings = 0;
			knownRegions = (
				en,
				Base,
			);
			mainGroup = B5AD8C662AB9E9FE00ED024F;
			productRefGroup = B5AD8C702AB9E9FF00ED024F /* Products */;
			projectDirPath = "";
			projectRoot = "";
			targets = (
				B5AD8C6E2AB9E9FE00ED024F /* SignalsUI */,
				B5AD8C7E2AB9E9FF00ED024F /* SignalsUITests */,
				B5AD8C882AB9E9FF00ED024F /* SignalsUIUITests */,
			);
		};
/* End PBXProject section */

/* Begin PBXResourcesBuildPhase section */
		B5AD8C6D2AB9E9FE00ED024F /* Resources */ = {
			isa = PBXResourcesBuildPhase;
			buildActionMask = 2147483647;
			files = (
				B5AD8C7A2AB9E9FF00ED024F /* Preview Assets.xcassets in Resources */,
				B5AD8C772AB9E9FF00ED024F /* Assets.xcassets in Resources */,
			);
			runOnlyForDeploymentPostprocessing = 0;
		};
		B5AD8C7D2AB9E9FF00ED024F /* Resources */ = {
			isa = PBXResourcesBuildPhase;
			buildActionMask = 2147483647;
			files = (
			);
			runOnlyForDeploymentPostprocessing = 0;
		};
		B5AD8C872AB9E9FF00ED024F /* Resources */ = {
			isa = PBXResourcesBuildPhase;
			buildActionMask = 2147483647;
			files = (
			);
			runOnlyForDeploymentPostprocessing = 0;
		};
/* End PBXResourcesBuildPhase section */

/* Begin PBXSourcesBuildPhase section */
		B5AD8C6B2AB9E9FE00ED024F /* Sources */ = {
			isa = PBXSourcesBuildPhase;
			buildActionMask = 2147483647;
			files = (
				B546499D2ABC451B004AC8CC /* BalanceModel.swift in Sources */,
				B5AD45482ABBB732003A3946 /* SessionState.swift in Sources */,
				B59FA36F2ABA01D0001C8500 /* StateView.swift in Sources */,
				B5AD45412ABB9F84003A3946 /* HomeScreen.swift in Sources */,
				B5AD8C752AB9E9FF00ED024F /* SignalsStateView.swift in Sources */,
				B5AD453C2ABB9070003A3946 /* StateText.swift in Sources */,
				B5DA3DB32ABF886300FE9469 /* VoucherModel.swift in Sources */,
				B546499F2ABC4729004AC8CC /* UserScreen.swift in Sources */,
				B5AD8C732AB9E9FF00ED024F /* SignalsUIApp.swift in Sources */,
				B5AD44FB2ABA4CEB003A3946 /* LoginScreen.swift in Sources */,
				B5AD454A2ABC3240003A3946 /* AgeView.swift in Sources */,
			);
			runOnlyForDeploymentPostprocessing = 0;
		};
		B5AD8C7B2AB9E9FF00ED024F /* Sources */ = {
			isa = PBXSourcesBuildPhase;
			buildActionMask = 2147483647;
			files = (
				B5AD8C842AB9E9FF00ED024F /* SignalsUITests.swift in Sources */,
			);
			runOnlyForDeploymentPostprocessing = 0;
		};
		B5AD8C852AB9E9FF00ED024F /* Sources */ = {
			isa = PBXSourcesBuildPhase;
			buildActionMask = 2147483647;
			files = (
				B5AD8C902AB9E9FF00ED024F /* SignalsUIUITestsLaunchTests.swift in Sources */,
				B5AD8C8E2AB9E9FF00ED024F /* SignalsUIUITests.swift in Sources */,
			);
			runOnlyForDeploymentPostprocessing = 0;
		};
/* End PBXSourcesBuildPhase section */

/* Begin PBXTargetDependency section */
		B5AD8C812AB9E9FF00ED024F /* PBXTargetDependency */ = {
			isa = PBXTargetDependency;
			target = B5AD8C6E2AB9E9FE00ED024F /* SignalsUI */;
			targetProxy = B5AD8C802AB9E9FF00ED024F /* PBXContainerItemProxy */;
		};
		B5AD8C8B2AB9E9FF00ED024F /* PBXTargetDependency */ = {
			isa = PBXTargetDependency;
			target = B5AD8C6E2AB9E9FE00ED024F /* SignalsUI */;
			targetProxy = B5AD8C8A2AB9E9FF00ED024F /* PBXContainerItemProxy */;
		};
/* End PBXTargetDependency section */

/* Begin XCBuildConfiguration section */
		B5AD8C912AB9E9FF00ED024F /* Debug */ = {
			isa = XCBuildConfiguration;
			buildSettings = {
				ALWAYS_SEARCH_USER_PATHS = NO;
				CLANG_ANALYZER_NONNULL = YES;
				CLANG_ANALYZER_NUMBER_OBJECT_CONVERSION = YES_AGGRESSIVE;
				CLANG_CXX_LANGUAGE_STANDARD = "gnu++20";
				CLANG_ENABLE_MODULES = YES;
				CLANG_ENABLE_OBJC_ARC = YES;
				CLANG_ENABLE_OBJC_WEAK = YES;
				CLANG_WARN_BLOCK_CAPTURE_AUTORELEASING = YES;
				CLANG_WARN_BOOL_CONVERSION = YES;
				CLANG_WARN_COMMA = YES;
				CLANG_WARN_CONSTANT_CONVERSION = YES;
				CLANG_WARN_DEPRECATED_OBJC_IMPLEMENTATIONS = YES;
				CLANG_WARN_DIRECT_OBJC_ISA_USAGE = YES_ERROR;
				CLANG_WARN_DOCUMENTATION_COMMENTS = YES;
				CLANG_WARN_EMPTY_BODY = YES;
				CLANG_WARN_ENUM_CONVERSION = YES;
				CLANG_WARN_INFINITE_RECURSION = YES;
				CLANG_WARN_INT_CONVERSION = YES;
				CLANG_WARN_NON_LITERAL_NULL_CONVERSION = YES;
				CLANG_WARN_OBJC_IMPLICIT_RETAIN_SELF = YES;
				CLANG_WARN_OBJC_LITERAL_CONVERSION = YES;
				CLANG_WARN_OBJC_ROOT_CLASS = YES_ERROR;
				CLANG_WARN_QUOTED_INCLUDE_IN_FRAMEWORK_HEADER = YES;
				CLANG_WARN_RANGE_LOOP_ANALYSIS = YES;
				CLANG_WARN_STRICT_PROTOTYPES = YES;
				CLANG_WARN_SUSPICIOUS_MOVE = YES;
				CLANG_WARN_UNGUARDED_AVAILABILITY = YES_AGGRESSIVE;
				CLANG_WARN_UNREACHABLE_CODE = YES;
				CLANG_WARN__DUPLICATE_METHOD_MATCH = YES;
				COPY_PHASE_STRIP = NO;
				DEBUG_INFORMATION_FORMAT = dwarf;
				ENABLE_STRICT_OBJC_MSGSEND = YES;
				ENABLE_TESTABILITY = YES;
				GCC_C_LANGUAGE_STANDARD = gnu11;
				GCC_DYNAMIC_NO_PIC = NO;
				GCC_NO_COMMON_BLOCKS = YES;
				GCC_OPTIMIZATION_LEVEL = 0;
				GCC_PREPROCESSOR_DEFINITIONS = (
					"DEBUG=1",
					"$(inherited)",
				);
				GCC_WARN_64_TO_32_BIT_CONVERSION = YES;
				GCC_WARN_ABOUT_RETURN_TYPE = YES_ERROR;
				GCC_WARN_UNDECLARED_SELECTOR = YES;
				GCC_WARN_UNINITIALIZED_AUTOS = YES_AGGRESSIVE;
				GCC_WARN_UNUSED_FUNCTION = YES;
				GCC_WARN_UNUSED_VARIABLE = YES;
				IPHONEOS_DEPLOYMENT_TARGET = 16.4;
				MTL_ENABLE_DEBUG_INFO = INCLUDE_SOURCE;
				MTL_FAST_MATH = YES;
				ONLY_ACTIVE_ARCH = YES;
				SDKROOT = iphoneos;
				SWIFT_ACTIVE_COMPILATION_CONDITIONS = DEBUG;
				SWIFT_OPTIMIZATION_LEVEL = "-Onone";
			};
			name = Debug;
		};
		B5AD8C922AB9E9FF00ED024F /* Release */ = {
			isa = XCBuildConfiguration;
			buildSettings = {
				ALWAYS_SEARCH_USER_PATHS = NO;
				CLANG_ANALYZER_NONNULL = YES;
				CLANG_ANALYZER_NUMBER_OBJECT_CONVERSION = YES_AGGRESSIVE;
				CLANG_CXX_LANGUAGE_STANDARD = "gnu++20";
				CLANG_ENABLE_MODULES = YES;
				CLANG_ENABLE_OBJC_ARC = YES;
				CLANG_ENABLE_OBJC_WEAK = YES;
				CLANG_WARN_BLOCK_CAPTURE_AUTORELEASING = YES;
				CLANG_WARN_BOOL_CONVERSION = YES;
				CLANG_WARN_COMMA = YES;
				CLANG_WARN_CONSTANT_CONVERSION = YES;
				CLANG_WARN_DEPRECATED_OBJC_IMPLEMENTATIONS = YES;
				CLANG_WARN_DIRECT_OBJC_ISA_USAGE = YES_ERROR;
				CLANG_WARN_DOCUMENTATION_COMMENTS = YES;
				CLANG_WARN_EMPTY_BODY = YES;
				CLANG_WARN_ENUM_CONVERSION = YES;
				CLANG_WARN_INFINITE_RECURSION = YES;
				CLANG_WARN_INT_CONVERSION = YES;
				CLANG_WARN_NON_LITERAL_NULL_CONVERSION = YES;
				CLANG_WARN_OBJC_IMPLICIT_RETAIN_SELF = YES;
				CLANG_WARN_OBJC_LITERAL_CONVERSION = YES;
				CLANG_WARN_OBJC_ROOT_CLASS = YES_ERROR;
				CLANG_WARN_QUOTED_INCLUDE_IN_FRAMEWORK_HEADER = YES;
				CLANG_WARN_RANGE_LOOP_ANALYSIS = YES;
				CLANG_WARN_STRICT_PROTOTYPES = YES;
				CLANG_WARN_SUSPICIOUS_MOVE = YES;
				CLANG_WARN_UNGUARDED_AVAILABILITY = YES_AGGRESSIVE;
				CLANG_WARN_UNREACHABLE_CODE = YES;
				CLANG_WARN__DUPLICATE_METHOD_MATCH = YES;
				COPY_PHASE_STRIP = NO;
				DEBUG_INFORMATION_FORMAT = "dwarf-with-dsym";
				ENABLE_NS_ASSERTIONS = NO;
				ENABLE_STRICT_OBJC_MSGSEND = YES;
				GCC_C_LANGUAGE_STANDARD = gnu11;
				GCC_NO_COMMON_BLOCKS = YES;
				GCC_WARN_64_TO_32_BIT_CONVERSION = YES;
				GCC_WARN_ABOUT_RETURN_TYPE = YES_ERROR;
				GCC_WARN_UNDECLARED_SELECTOR = YES;
				GCC_WARN_UNINITIALIZED_AUTOS = YES_AGGRESSIVE;
				GCC_WARN_UNUSED_FUNCTION = YES;
				GCC_WARN_UNUSED_VARIABLE = YES;
				IPHONEOS_DEPLOYMENT_TARGET = 16.4;
				MTL_ENABLE_DEBUG_INFO = NO;
				MTL_FAST_MATH = YES;
				SDKROOT = iphoneos;
				SWIFT_COMPILATION_MODE = wholemodule;
				SWIFT_OPTIMIZATION_LEVEL = "-O";
				VALIDATE_PRODUCT = YES;
			};
			name = Release;
		};
		B5AD8C942AB9E9FF00ED024F /* Debug */ = {
			isa = XCBuildConfiguration;
			buildSettings = {
				ASSETCATALOG_COMPILER_APPICON_NAME = AppIcon;
				ASSETCATALOG_COMPILER_GLOBAL_ACCENT_COLOR_NAME = AccentColor;
				CODE_SIGN_STYLE = Automatic;
				CURRENT_PROJECT_VERSION = 1;
				DEVELOPMENT_ASSET_PATHS = "\"SignalsUI/Preview Content\"";
				DEVELOPMENT_TEAM = EZ9AN92LB4;
				ENABLE_PREVIEWS = YES;
				GENERATE_INFOPLIST_FILE = YES;
				INFOPLIST_KEY_UIApplicationSceneManifest_Generation = YES;
				INFOPLIST_KEY_UIApplicationSupportsIndirectInputEvents = YES;
				INFOPLIST_KEY_UILaunchScreen_Generation = YES;
				INFOPLIST_KEY_UISupportedInterfaceOrientations_iPad = "UIInterfaceOrientationPortrait UIInterfaceOrientationPortraitUpsideDown UIInterfaceOrientationLandscapeLeft UIInterfaceOrientationLandscapeRight";
				INFOPLIST_KEY_UISupportedInterfaceOrientations_iPhone = "UIInterfaceOrientationPortrait UIInterfaceOrientationLandscapeLeft UIInterfaceOrientationLandscapeRight";
				LD_RUNPATH_SEARCH_PATHS = (
					"$(inherited)",
					"@executable_path/Frameworks",
				);
				MARKETING_VERSION = 1.0;
				PRODUCT_BUNDLE_IDENTIFIER = de.mkloeppner.SignalsUI;
				PRODUCT_NAME = "$(TARGET_NAME)";
				SWIFT_EMIT_LOC_STRINGS = YES;
				SWIFT_VERSION = 5.0;
				TARGETED_DEVICE_FAMILY = "1,2";
			};
			name = Debug;
		};
		B5AD8C952AB9E9FF00ED024F /* Release */ = {
			isa = XCBuildConfiguration;
			buildSettings = {
				ASSETCATALOG_COMPILER_APPICON_NAME = AppIcon;
				ASSETCATALOG_COMPILER_GLOBAL_ACCENT_COLOR_NAME = AccentColor;
				CODE_SIGN_STYLE = Automatic;
				CURRENT_PROJECT_VERSION = 1;
				DEVELOPMENT_ASSET_PATHS = "\"SignalsUI/Preview Content\"";
				DEVELOPMENT_TEAM = EZ9AN92LB4;
				ENABLE_PREVIEWS = YES;
				GENERATE_INFOPLIST_FILE = YES;
				INFOPLIST_KEY_UIApplicationSceneManifest_Generation = YES;
				INFOPLIST_KEY_UIApplicationSupportsIndirectInputEvents = YES;
				INFOPLIST_KEY_UILaunchScreen_Generation = YES;
				INFOPLIST_KEY_UISupportedInterfaceOrientations_iPad = "UIInterfaceOrientationPortrait UIInterfaceOrientationPortraitUpsideDown UIInterfaceOrientationLandscapeLeft UIInterfaceOrientationLandscapeRight";
				INFOPLIST_KEY_UISupportedInterfaceOrientations_iPhone = "UIInterfaceOrientationPortrait UIInterfaceOrientationLandscapeLeft UIInterfaceOrientationLandscapeRight";
				LD_RUNPATH_SEARCH_PATHS = (
					"$(inherited)",
					"@executable_path/Frameworks",
				);
				MARKETING_VERSION = 1.0;
				PRODUCT_BUNDLE_IDENTIFIER = de.mkloeppner.SignalsUI;
				PRODUCT_NAME = "$(TARGET_NAME)";
				SWIFT_EMIT_LOC_STRINGS = YES;
				SWIFT_VERSION = 5.0;
				TARGETED_DEVICE_FAMILY = "1,2";
			};
			name = Release;
		};
		B5AD8C972AB9E9FF00ED024F /* Debug */ = {
			isa = XCBuildConfiguration;
			buildSettings = {
				ALWAYS_EMBED_SWIFT_STANDARD_LIBRARIES = YES;
				BUNDLE_LOADER = "$(TEST_HOST)";
				CODE_SIGN_STYLE = Automatic;
				CURRENT_PROJECT_VERSION = 1;
				GENERATE_INFOPLIST_FILE = YES;
				IPHONEOS_DEPLOYMENT_TARGET = 16.4;
				MARKETING_VERSION = 1.0;
				PRODUCT_BUNDLE_IDENTIFIER = de.mkloeppner.SignalsUITests;
				PRODUCT_NAME = "$(TARGET_NAME)";
				SWIFT_EMIT_LOC_STRINGS = NO;
				SWIFT_VERSION = 5.0;
				TARGETED_DEVICE_FAMILY = "1,2";
				TEST_HOST = "$(BUILT_PRODUCTS_DIR)/SignalsUI.app/$(BUNDLE_EXECUTABLE_FOLDER_PATH)/SignalsUI";
			};
			name = Debug;
		};
		B5AD8C982AB9E9FF00ED024F /* Release */ = {
			isa = XCBuildConfiguration;
			buildSettings = {
				ALWAYS_EMBED_SWIFT_STANDARD_LIBRARIES = YES;
				BUNDLE_LOADER = "$(TEST_HOST)";
				CODE_SIGN_STYLE = Automatic;
				CURRENT_PROJECT_VERSION = 1;
				GENERATE_INFOPLIST_FILE = YES;
				IPHONEOS_DEPLOYMENT_TARGET = 16.4;
				MARKETING_VERSION = 1.0;
				PRODUCT_BUNDLE_IDENTIFIER = de.mkloeppner.SignalsUITests;
				PRODUCT_NAME = "$(TARGET_NAME)";
				SWIFT_EMIT_LOC_STRINGS = NO;
				SWIFT_VERSION = 5.0;
				TARGETED_DEVICE_FAMILY = "1,2";
				TEST_HOST = "$(BUILT_PRODUCTS_DIR)/SignalsUI.app/$(BUNDLE_EXECUTABLE_FOLDER_PATH)/SignalsUI";
			};
			name = Release;
		};
		B5AD8C9A2AB9E9FF00ED024F /* Debug */ = {
			isa = XCBuildConfiguration;
			buildSettings = {
				ALWAYS_EMBED_SWIFT_STANDARD_LIBRARIES = YES;
				CODE_SIGN_STYLE = Automatic;
				CURRENT_PROJECT_VERSION = 1;
				GENERATE_INFOPLIST_FILE = YES;
				MARKETING_VERSION = 1.0;
				PRODUCT_BUNDLE_IDENTIFIER = de.mkloeppner.SignalsUIUITests;
				PRODUCT_NAME = "$(TARGET_NAME)";
				SWIFT_EMIT_LOC_STRINGS = NO;
				SWIFT_VERSION = 5.0;
				TARGETED_DEVICE_FAMILY = "1,2";
				TEST_TARGET_NAME = SignalsUI;
			};
			name = Debug;
		};
		B5AD8C9B2AB9E9FF00ED024F /* Release */ = {
			isa = XCBuildConfiguration;
			buildSettings = {
				ALWAYS_EMBED_SWIFT_STANDARD_LIBRARIES = YES;
				CODE_SIGN_STYLE = Automatic;
				CURRENT_PROJECT_VERSION = 1;
				GENERATE_INFOPLIST_FILE = YES;
				MARKETING_VERSION = 1.0;
				PRODUCT_BUNDLE_IDENTIFIER = de.mkloeppner.SignalsUIUITests;
				PRODUCT_NAME = "$(TARGET_NAME)";
				SWIFT_EMIT_LOC_STRINGS = NO;
				SWIFT_VERSION = 5.0;
				TARGETED_DEVICE_FAMILY = "1,2";
				TEST_TARGET_NAME = SignalsUI;
			};
			name = Release;
		};
/* End XCBuildConfiguration section */

/* Begin XCConfigurationList section */
		B5AD8C6A2AB9E9FE00ED024F /* Build configuration list for PBXProject "SignalsUI" */ = {
			isa = XCConfigurationList;
			buildConfigurations = (
				B5AD8C912AB9E9FF00ED024F /* Debug */,
				B5AD8C922AB9E9FF00ED024F /* Release */,
			);
			defaultConfigurationIsVisible = 0;
			defaultConfigurationName = Release;
		};
		B5AD8C932AB9E9FF00ED024F /* Build configuration list for PBXNativeTarget "SignalsUI" */ = {
			isa = XCConfigurationList;
			buildConfigurations = (
				B5AD8C942AB9E9FF00ED024F /* Debug */,
				B5AD8C952AB9E9FF00ED024F /* Release */,
			);
			defaultConfigurationIsVisible = 0;
			defaultConfigurationName = Release;
		};
		B5AD8C962AB9E9FF00ED024F /* Build configuration list for PBXNativeTarget "SignalsUITests" */ = {
			isa = XCConfigurationList;
			buildConfigurations = (
				B5AD8C972AB9E9FF00ED024F /* Debug */,
				B5AD8C982AB9E9FF00ED024F /* Release */,
			);
			defaultConfigurationIsVisible = 0;
			defaultConfigurationName = Release;
		};
		B5AD8C992AB9E9FF00ED024F /* Build configuration list for PBXNativeTarget "SignalsUIUITests" */ = {
			isa = XCConfigurationList;
			buildConfigurations = (
				B5AD8C9A2AB9E9FF00ED024F /* Debug */,
				B5AD8C9B2AB9E9FF00ED024F /* Release */,
			);
			defaultConfigurationIsVisible = 0;
			defaultConfigurationName = Release;
		};
/* End XCConfigurationList section */

/* Begin XCSwiftPackageProductDependency section */
		B59FA3B92ABA0CB8001C8500 /* SignalUI */ = {
			isa = XCSwiftPackageProductDependency;
			productName = SignalUI;
		};
		B5AD8C9D2AB9EAF600ED024F /* Signals */ = {
			isa = XCSwiftPackageProductDependency;
			productName = Signals;
		};
/* End XCSwiftPackageProductDependency section */
	};
	rootObject = B5AD8C672AB9E9FE00ED024F /* Project object */;
}
